
Microsoft Visual Studio Solution File, Format Version 12.00
# Visual Studio Version 16
VisualStudioVersion = 16.0.30114.105
MinimumVisualStudioVersion = 10.0.40219.1
Project("{CC5FD16D-436D-48AD-A40C-5A424C6E3E79}") = "Martin_Jjooga_Lab2", "Martin_Jjooga_Lab2\Martin_Jjooga_Lab2.ccproj", "{D32E1396-CC47-4A9B-ACD0-B661FA494017}"
EndProject
Project("{FAE04EC0-301F-11D3-BF4B-00C04F79EFBC}") = "WebRole1", "WebRole1\WebRole1.csproj", "{D0D2A3DF-70D7-4B71-B68F-103FB25C6170}"
EndProject
Project("{FAE04EC0-301F-11D3-BF4B-00C04F79EFBC}") = "WorkerRole2", "WorkerRole1\WorkerRole2.csproj", "{ACFF55EA-AFA1-4E75-96C8-18D9A3AD1CD6}"
EndProject
Project("{FAE04EC0-301F-11D3-BF4B-00C04F79EFBC}") = "WorkerRole1", "WorkerRole2\WorkerRole1.csproj", "{82E27765-5C1F-4713-B8FD-A950336E8DAB}"
EndProject
Project("{FAE04EC0-301F-11D3-BF4B-00C04F79EFBC}") = "WorkerRole3", "WorkerRole3\WorkerRole3.csproj", "{493DD9DB-E176-46E2-B856-06A49CB5542B}"
EndProject
Global
	GlobalSection(SolutionConfigurationPlatforms) = preSolution
		Debug|Any CPU = Debug|Any CPU
		Release|Any CPU = Release|Any CPU
	EndGlobalSection
	GlobalSection(ProjectConfigurationPlatforms) = postSolution
		{D32E1396-CC47-4A9B-ACD0-B661FA494017}.Debug|Any CPU.ActiveCfg = Debug|Any CPU
		{D32E1396-CC47-4A9B-ACD0-B661FA494017}.Debug|Any CPU.Build.0 = Debug|Any CPU
		{D32E1396-CC47-4A9B-ACD0-B661FA494017}.Release|Any CPU.ActiveCfg = Release|Any CPU
		{D32E1396-CC47-4A9B-ACD0-B661FA494017}.Release|Any CPU.Build.0 = Release|Any CPU
		{D0D2A3DF-70D7-4B71-B68F-103FB25C6170}.Debug|Any CPU.ActiveCfg = Debug|Any CPU
		{D0D2A3DF-70D7-4B71-B68F-103FB25C6170}.Debug|Any CPU.Build.0 = Debug|Any CPU
		{D0D2A3DF-70D7-4B71-B68F-103FB25C6170}.Release|Any CPU.ActiveCfg = Release|Any CPU
		{D0D2A3DF-70D7-4B71-B68F-103FB25C6170}.Release|Any CPU.Build.0 = Release|Any CPU
		{ACFF55EA-AFA1-4E75-96C8-18D9A3AD1CD6}.Debug|Any CPU.ActiveCfg = Debug|Any CPU
		{ACFF55EA-AFA1-4E75-96C8-18D9A3AD1CD6}.Debug|Any CPU.Build.0 = Debug|Any CPU
		{ACFF55EA-AFA1-4E75-96C8-18D9A3AD1CD6}.Release|Any CPU.ActiveCfg = Release|Any CPU
		{ACFF55EA-AFA1-4E75-96C8-18D9A3AD1CD6}.Release|Any CPU.Build.0 = Release|Any CPU
		{82E27765-5C1F-4713-B8FD-A950336E8DAB}.Debug|Any CPU.ActiveCfg = Debug|Any CPU
		{82E27765-5C1F-4713-B8FD-A950336E8DAB}.Debug|Any CPU.Build.0 = Debug|Any CPU
		{82E27765-5C1F-4713-B8FD-A950336E8DAB}.Release|Any CPU.ActiveCfg = Release|Any CPU
		{82E27765-5C1F-4713-B8FD-A950336E8DAB}.Release|Any CPU.Build.0 = Release|Any CPU
		{493DD9DB-E176-46E2-B856-06A49CB5542B}.Debug|Any CPU.ActiveCfg = Debug|Any CPU
		{493DD9DB-E176-46E2-B856-06A49CB5542B}.Debug|Any CPU.Build.0 = Debug|Any CPU
		{493DD9DB-E176-46E2-B856-06A49CB5542B}.Release|Any CPU.ActiveCfg = Release|Any CPU
		{493DD9DB-E176-46E2-B856-06A49CB5542B}.Release|Any CPU.Build.0 = Release|Any CPU
	EndGlobalSection
	GlobalSection(SolutionProperties) = preSolution
		HideSolutionNode = FALSE
	EndGlobalSection
	GlobalSection(ExtensibilityGlobals) = postSolution
		SolutionGuid = {63FC0751-396E-421C-9542-4A075FA7CFFE}
	EndGlobalSection
EndGlobal
